// !$*UTF8*$!
{
	archiveVersion = 1;
	classes = {
	};
	objectVersion = 46;
	objects = {

/* Begin PBXBuildFile section */
		6F9CFDCC1B4570DC00AC8C11 /* InfoPlist.strings in Resources */ = {isa = PBXBuildFile; fileRef = 6F9CFDCA1B4570DC00AC8C11 /* InfoPlist.strings */; };
		6F9CFDCF1B4570DC00AC8C11 /* BannerInterface.appex in Embed App Extensions */ = {isa = PBXBuildFile; fileRef = 6F9CFDBD1B4570DC00AC8C11 /* BannerInterface.appex */; settings = {ATTRIBUTES = (RemoveHeadersOnCopy, ); }; };
		6FAB4BA31B456AE8002FD37F /* AppDelegate.swift in Sources */ = {isa = PBXBuildFile; fileRef = 6FAB4BA21B456AE8002FD37F /* AppDelegate.swift */; };
		6FAB4BA51B456AE8002FD37F /* ViewController.swift in Sources */ = {isa = PBXBuildFile; fileRef = 6FAB4BA41B456AE8002FD37F /* ViewController.swift */; };
		6FAB4BAA1B456AE8002FD37F /* Main.storyboard in Resources */ = {isa = PBXBuildFile; fileRef = 6FAB4BA81B456AE8002FD37F /* Main.storyboard */; };
		6FCA39C21B4596010056F9C0 /* SceneKit.framework in Frameworks */ = {isa = PBXBuildFile; fileRef = 6FCA39C11B4596010056F9C0 /* SceneKit.framework */; };
		6FCA39C61B4598060056F9C0 /* TextScene.scn in Resources */ = {isa = PBXBuildFile; fileRef = 6FCA39C51B4598060056F9C0 /* TextScene.scn */; };
		6FDA91921B4573F900E0D771 /* BannerInterface.swift in Sources */ = {isa = PBXBuildFile; fileRef = 6FDA91901B4573F900E0D771 /* BannerInterface.swift */; };
		6FDA91951B4574B300E0D771 /* BannerInterface.xib in Resources */ = {isa = PBXBuildFile; fileRef = 6FDA91941B4574B300E0D771 /* BannerInterface.xib */; };
		6FFEB22F1B45822B007E15AD /* Animation.gif in Resources */ = {isa = PBXBuildFile; fileRef = 6FFEB22E1B45822B007E15AD /* Animation.gif */; };
		6FFEB2311B45831A007E15AD /* PartyView.swift in Sources */ = {isa = PBXBuildFile; fileRef = 6FFEB2301B45831A007E15AD /* PartyView.swift */; };
		6FFEB2331B458567007E15AD /* NotificationCenter.framework in Frameworks */ = {isa = PBXBuildFile; fileRef = 6FFEB2321B458567007E15AD /* NotificationCenter.framework */; };
/* End PBXBuildFile section */

/* Begin PBXContainerItemProxy section */
		6F9CFDCD1B4570DC00AC8C11 /* PBXContainerItemProxy */ = {
			isa = PBXContainerItemProxy;
			containerPortal = 6FAB4B971B456AE8002FD37F /* Project object */;
			proxyType = 1;
			remoteGlobalIDString = 6F9CFDBC1B4570DC00AC8C11;
			remoteInfo = BannerInterface;
		};
/* End PBXContainerItemProxy section */

/* Begin PBXCopyFilesBuildPhase section */
		6F9CFDD31B4570DC00AC8C11 /* Embed App Extensions */ = {
			isa = PBXCopyFilesBuildPhase;
			buildActionMask = 2147483647;
			dstPath = "";
			dstSubfolderSpec = 13;
			files = (
				6F9CFDCF1B4570DC00AC8C11 /* BannerInterface.appex in Embed App Extensions */,
			);
			name = "Embed App Extensions";
			runOnlyForDeploymentPostprocessing = 0;
		};
/* End PBXCopyFilesBuildPhase section */

/* Begin PBXFileReference section */
		6F9CFDB81B456FFF00AC8C11 /* PrivateHeader.h */ = {isa = PBXFileReference; lastKnownFileType = sourcecode.c.h; path = PrivateHeader.h; sourceTree = "<group>"; };
		6F9CFDBD1B4570DC00AC8C11 /* BannerInterface.appex */ = {isa = PBXFileReference; explicitFileType = "wrapper.app-extension"; includeInIndex = 0; path = BannerInterface.appex; sourceTree = BUILT_PRODUCTS_DIR; };
		6F9CFDC31B4570DC00AC8C11 /* BannerInterface.entitlements */ = {isa = PBXFileReference; lastKnownFileType = text.xml; path = BannerInterface.entitlements; sourceTree = "<group>"; };
		6F9CFDC91B4570DC00AC8C11 /* Info.plist */ = {isa = PBXFileReference; lastKnownFileType = text.plist.xml; path = Info.plist; sourceTree = "<group>"; };
		6F9CFDCB1B4570DC00AC8C11 /* en */ = {isa = PBXFileReference; lastKnownFileType = text.plist.strings; name = en; path = en.lproj/InfoPlist.strings; sourceTree = "<group>"; };
		6FAB4B9F1B456AE8002FD37F /* NotificationTesting.app */ = {isa = PBXFileReference; explicitFileType = wrapper.application; includeInIndex = 0; path = NotificationTesting.app; sourceTree = BUILT_PRODUCTS_DIR; };
		6FAB4BA21B456AE8002FD37F /* AppDelegate.swift */ = {isa = PBXFileReference; lastKnownFileType = sourcecode.swift; path = AppDelegate.swift; sourceTree = "<group>"; };
		6FAB4BA41B456AE8002FD37F /* ViewController.swift */ = {isa = PBXFileReference; lastKnownFileType = sourcecode.swift; path = ViewController.swift; sourceTree = "<group>"; };
		6FAB4BA91B456AE8002FD37F /* Base */ = {isa = PBXFileReference; lastKnownFileType = file.storyboard; name = Base; path = Base.lproj/Main.storyboard; sourceTree = "<group>"; };
		6FAB4BAB1B456AE8002FD37F /* Info.plist */ = {isa = PBXFileReference; lastKnownFileType = text.plist.xml; path = Info.plist; sourceTree = "<group>"; };
		6FCA39C11B4596010056F9C0 /* SceneKit.framework */ = {isa = PBXFileReference; lastKnownFileType = wrapper.framework; name = SceneKit.framework; path = System/Library/Frameworks/SceneKit.framework; sourceTree = SDKROOT; };
		6FCA39C51B4598060056F9C0 /* TextScene.scn */ = {isa = PBXFileReference; lastKnownFileType = file.bplist; path = TextScene.scn; sourceTree = "<group>"; };
		6FDA91901B4573F900E0D771 /* BannerInterface.swift */ = {isa = PBXFileReference; fileEncoding = 4; lastKnownFileType = sourcecode.swift; path = BannerInterface.swift; sourceTree = "<group>"; };
		6FDA91941B4574B300E0D771 /* BannerInterface.xib */ = {isa = PBXFileReference; fileEncoding = 4; lastKnownFileType = file.xib; path = BannerInterface.xib; sourceTree = "<group>"; };
		6FFEB22E1B45822B007E15AD /* Animation.gif */ = {isa = PBXFileReference; lastKnownFileType = image.gif; path = Animation.gif; sourceTree = "<group>"; };
		6FFEB2301B45831A007E15AD /* PartyView.swift */ = {isa = PBXFileReference; fileEncoding = 4; lastKnownFileType = sourcecode.swift; path = PartyView.swift; sourceTree = "<group>"; };
		6FFEB2321B458567007E15AD /* NotificationCenter.framework */ = {isa = PBXFileReference; lastKnownFileType = wrapper.framework; name = NotificationCenter.framework; path = System/Library/Frameworks/NotificationCenter.framework; sourceTree = SDKROOT; };
/* End PBXFileReference section */

/* Begin PBXFrameworksBuildPhase section */
		6F9CFDBA1B4570DC00AC8C11 /* Frameworks */ = {
			isa = PBXFrameworksBuildPhase;
			buildActionMask = 2147483647;
			files = (
				6FCA39C21B4596010056F9C0 /* SceneKit.framework in Frameworks */,
				6FFEB2331B458567007E15AD /* NotificationCenter.framework in Frameworks */,
			);
			runOnlyForDeploymentPostprocessing = 0;
		};
		6FAB4B9C1B456AE8002FD37F /* Frameworks */ = {
			isa = PBXFrameworksBuildPhase;
			buildActionMask = 2147483647;
			files = (
			);
			runOnlyForDeploymentPostprocessing = 0;
		};
/* End PBXFrameworksBuildPhase section */

/* Begin PBXGroup section */
		6F9CFDC11B4570DC00AC8C11 /* BannerInterface */ = {
			isa = PBXGroup;
			children = (
				6FFEB22E1B45822B007E15AD /* Animation.gif */,
				6FDA91901B4573F900E0D771 /* BannerInterface.swift */,
				6FFEB2301B45831A007E15AD /* PartyView.swift */,
				6FCA39C51B4598060056F9C0 /* TextScene.scn */,
				6FDA91941B4574B300E0D771 /* BannerInterface.xib */,
				6F9CFDC91B4570DC00AC8C11 /* Info.plist */,
				6F9CFDC21B4570DC00AC8C11 /* Supporting Files */,
			);
			path = BannerInterface;
			sourceTree = "<group>";
		};
		6F9CFDC21B4570DC00AC8C11 /* Supporting Files */ = {
			isa = PBXGroup;
			children = (
				6F9CFDCA1B4570DC00AC8C11 /* InfoPlist.strings */,
				6F9CFDC31B4570DC00AC8C11 /* BannerInterface.entitlements */,
			);
			name = "Supporting Files";
			sourceTree = "<group>";
		};
		6FAB4B961B456AE8002FD37F = {
			isa = PBXGroup;
			children = (
				6FAB4BA11B456AE8002FD37F /* NotificationTesting */,
				6F9CFDC11B4570DC00AC8C11 /* BannerInterface */,
				6FFEB2341B45856B007E15AD /* Frameworks */,
				6FAB4BA01B456AE8002FD37F /* Products */,
			);
			sourceTree = "<group>";
		};
		6FAB4BA01B456AE8002FD37F /* Products */ = {
			isa = PBXGroup;
			children = (
				6FAB4B9F1B456AE8002FD37F /* NotificationTesting.app */,
				6F9CFDBD1B4570DC00AC8C11 /* BannerInterface.appex */,
			);
			name = Products;
			sourceTree = "<group>";
		};
		6FAB4BA11B456AE8002FD37F /* NotificationTesting */ = {
			isa = PBXGroup;
			children = (
				6F9CFDB81B456FFF00AC8C11 /* PrivateHeader.h */,
				6FAB4BA21B456AE8002FD37F /* AppDelegate.swift */,
				6FAB4BA41B456AE8002FD37F /* ViewController.swift */,
				6FAB4BA81B456AE8002FD37F /* Main.storyboard */,
				6FAB4BAB1B456AE8002FD37F /* Info.plist */,
			);
			path = NotificationTesting;
			sourceTree = "<group>";
		};
		6FFEB2341B45856B007E15AD /* Frameworks */ = {
			isa = PBXGroup;
			children = (
				6FFEB2321B458567007E15AD /* NotificationCenter.framework */,
				6FCA39C11B4596010056F9C0 /* SceneKit.framework */,
			);
			name = Frameworks;
			path = BannerInterface;
			sourceTree = "<group>";
		};
/* End PBXGroup section */

/* Begin PBXNativeTarget section */
		6F9CFDBC1B4570DC00AC8C11 /* BannerInterface */ = {
			isa = PBXNativeTarget;
			buildConfigurationList = 6F9CFDD01B4570DC00AC8C11 /* Build configuration list for PBXNativeTarget "BannerInterface" */;
			buildPhases = (
				6F9CFDB91B4570DC00AC8C11 /* Sources */,
				6F9CFDBA1B4570DC00AC8C11 /* Frameworks */,
				6F9CFDBB1B4570DC00AC8C11 /* Resources */,
			);
			buildRules = (
			);
			dependencies = (
			);
			name = BannerInterface;
			productName = BannerInterface;
			productReference = 6F9CFDBD1B4570DC00AC8C11 /* BannerInterface.appex */;
			productType = "com.apple.product-type.app-extension";
		};
		6FAB4B9E1B456AE8002FD37F /* NotificationTesting */ = {
			isa = PBXNativeTarget;
			buildConfigurationList = 6FAB4BAE1B456AE8002FD37F /* Build configuration list for PBXNativeTarget "NotificationTesting" */;
			buildPhases = (
				6FAB4B9B1B456AE8002FD37F /* Sources */,
				6FAB4B9C1B456AE8002FD37F /* Frameworks */,
				6FAB4B9D1B456AE8002FD37F /* Resources */,
				6F9CFDD31B4570DC00AC8C11 /* Embed App Extensions */,
			);
			buildRules = (
			);
			dependencies = (
				6F9CFDCE1B4570DC00AC8C11 /* PBXTargetDependency */,
			);
			name = NotificationTesting;
			productName = NotificationTesting;
			productReference = 6FAB4B9F1B456AE8002FD37F /* NotificationTesting.app */;
			productType = "com.apple.product-type.application";
		};
/* End PBXNativeTarget section */

/* Begin PBXProject section */
		6FAB4B971B456AE8002FD37F /* Project object */ = {
			isa = PBXProject;
			attributes = {
				LastSwiftUpdateCheck = 0700;
				LastUpgradeCheck = 0700;
				ORGANIZATIONNAME = "Hamza Sood";
				TargetAttributes = {
					6F9CFDBC1B4570DC00AC8C11 = {
						CreatedOnToolsVersion = 7.0;
					};
					6FAB4B9E1B456AE8002FD37F = {
						CreatedOnToolsVersion = 7.0;
					};
				};
			};
			buildConfigurationList = 6FAB4B9A1B456AE8002FD37F /* Build configuration list for PBXProject "NotificationTesting" */;
			compatibilityVersion = "Xcode 3.2";
			developmentRegion = English;
			hasScannedForEncodings = 0;
			knownRegions = (
				en,
				Base,
			);
			mainGroup = 6FAB4B961B456AE8002FD37F;
			productRefGroup = 6FAB4BA01B456AE8002FD37F /* Products */;
			projectDirPath = "";
			projectRoot = "";
			targets = (
				6FAB4B9E1B456AE8002FD37F /* NotificationTesting */,
				6F9CFDBC1B4570DC00AC8C11 /* BannerInterface */,
			);
		};
/* End PBXProject section */

/* Begin PBXResourcesBuildPhase section */
		6F9CFDBB1B4570DC00AC8C11 /* Resources */ = {
			isa = PBXResourcesBuildPhase;
			buildActionMask = 2147483647;
			files = (
				6F9CFDCC1B4570DC00AC8C11 /* InfoPlist.strings in Resources */,
				6FDA91951B4574B300E0D771 /* BannerInterface.xib in Resources */,
				6FCA39C61B4598060056F9C0 /* TextScene.scn in Resources */,
				6FFEB22F1B45822B007E15AD /* Animation.gif in Resources */,
			);
			runOnlyForDeploymentPostprocessing = 0;
		};
		6FAB4B9D1B456AE8002FD37F /* Resources */ = {
			isa = PBXResourcesBuildPhase;
			buildActionMask = 2147483647;
			files = (
				6FAB4BAA1B456AE8002FD37F /* Main.storyboard in Resources */,
			);
			runOnlyForDeploymentPostprocessing = 0;
		};
/* End PBXResourcesBuildPhase section */

/* Begin PBXSourcesBuildPhase section */
		6F9CFDB91B4570DC00AC8C11 /* Sources */ = {
			isa = PBXSourcesBuildPhase;
			buildActionMask = 2147483647;
			files = (
				6FDA91921B4573F900E0D771 /* BannerInterface.swift in Sources */,
				6FFEB2311B45831A007E15AD /* PartyView.swift in Sources */,
			);
			runOnlyForDeploymentPostprocessing = 0;
		};
		6FAB4B9B1B456AE8002FD37F /* Sources */ = {
			isa = PBXSourcesBuildPhase;
			buildActionMask = 2147483647;
			files = (
				6FAB4BA51B456AE8002FD37F /* ViewController.swift in Sources */,
				6FAB4BA31B456AE8002FD37F /* AppDelegate.swift in Sources */,
			);
			runOnlyForDeploymentPostprocessing = 0;
		};
/* End PBXSourcesBuildPhase section */

/* Begin PBXTargetDependency section */
		6F9CFDCE1B4570DC00AC8C11 /* PBXTargetDependency */ = {
			isa = PBXTargetDependency;
			target = 6F9CFDBC1B4570DC00AC8C11 /* BannerInterface */;
			targetProxy = 6F9CFDCD1B4570DC00AC8C11 /* PBXContainerItemProxy */;
		};
/* End PBXTargetDependency section */

/* Begin PBXVariantGroup section */
		6F9CFDCA1B4570DC00AC8C11 /* InfoPlist.strings */ = {
			isa = PBXVariantGroup;
			children = (
				6F9CFDCB1B4570DC00AC8C11 /* en */,
			);
			name = InfoPlist.strings;
			sourceTree = "<group>";
		};
		6FAB4BA81B456AE8002FD37F /* Main.storyboard */ = {
			isa = PBXVariantGroup;
			children = (
				6FAB4BA91B456AE8002FD37F /* Base */,
			);
			name = Main.storyboard;
			sourceTree = "<group>";
		};
/* End PBXVariantGroup section */

/* Begin XCBuildConfiguration section */
		6F9CFDD11B4570DC00AC8C11 /* Debug */ = {
			isa = XCBuildConfiguration;
			buildSettings = {
				CLANG_ENABLE_MODULES = YES;
				CODE_SIGN_ENTITLEMENTS = BannerInterface/BannerInterface.entitlements;
				COMBINE_HIDPI_IMAGES = YES;
				INFOPLIST_FILE = BannerInterface/Info.plist;
				LD_RUNPATH_SEARCH_PATHS = "$(inherited) @executable_path/../Frameworks @executable_path/../../../../Frameworks";
				PRODUCT_BUNDLE_IDENTIFIER = com.hamzasood.NotificationTesting.BannerInterface;
				PRODUCT_NAME = "$(TARGET_NAME)";
				SKIP_INSTALL = YES;
				SWIFT_OPTIMIZATION_LEVEL = "-Onone";
			};
			name = Debug;
		};
		6F9CFDD21B4570DC00AC8C11 /* Release */ = {
			isa = XCBuildConfiguration;
			buildSettings = {
				CLANG_ENABLE_MODULES = YES;
				CODE_SIGN_ENTITLEMENTS = BannerInterface/BannerInterface.entitlements;
				COMBINE_HIDPI_IMAGES = YES;
				INFOPLIST_FILE = BannerInterface/Info.plist;
				LD_RUNPATH_SEARCH_PATHS = "$(inherited) @executable_path/../Frameworks @executable_path/../../../../Frameworks";
				PRODUCT_BUNDLE_IDENTIFIER = com.hamzasood.NotificationTesting.BannerInterface;
				PRODUCT_NAME = "$(TARGET_NAME)";
				SKIP_INSTALL = YES;
			};
			name = Release;
		};
		6FAB4BAC1B456AE8002FD37F /* Debug */ = {
			isa = XCBuildConfiguration;
			buildSettings = {
				ALWAYS_SEARCH_USER_PATHS = NO;
				CLANG_CXX_LANGUAGE_STANDARD = "gnu++0x";
				CLANG_CXX_LIBRARY = "libc++";
				CLANG_ENABLE_MODULES = YES;
				CLANG_ENABLE_OBJC_ARC = YES;
				CLANG_WARN_BOOL_CONVERSION = YES;
				CLANG_WARN_CONSTANT_CONVERSION = YES;
				CLANG_WARN_DIRECT_OBJC_ISA_USAGE = YES_ERROR;
				CLANG_WARN_EMPTY_BODY = YES;
				CLANG_WARN_ENUM_CONVERSION = YES;
				CLANG_WARN_INT_CONVERSION = YES;
				CLANG_WARN_OBJC_ROOT_CLASS = YES_ERROR;
				CLANG_WARN_UNREACHABLE_CODE = YES;
				CLANG_WARN__DUPLICATE_METHOD_MATCH = YES;
				CODE_SIGN_IDENTITY = "-";
				COPY_PHASE_STRIP = NO;
				DEBUG_INFORMATION_FORMAT = dwarf;
				ENABLE_STRICT_OBJC_MSGSEND = YES;
				ENABLE_TESTABILITY = YES;
				GCC_C_LANGUAGE_STANDARD = gnu99;
				GCC_DYNAMIC_NO_PIC = NO;
				GCC_NO_COMMON_BLOCKS = YES;
				GCC_OPTIMIZATION_LEVEL = 0;
				GCC_PREPROCESSOR_DEFINITIONS = (
					"DEBUG=1",
					"$(inherited)",
				);
				GCC_WARN_64_TO_32_BIT_CONVERSION = YES;
				GCC_WARN_ABOUT_RETURN_TYPE = YES_ERROR;
				GCC_WARN_UNDECLARED_SELECTOR = YES;
				GCC_WARN_UNINITIALIZED_AUTOS = YES_AGGRESSIVE;
				GCC_WARN_UNUSED_FUNCTION = YES;
				GCC_WARN_UNUSED_VARIABLE = YES;
				MACOSX_DEPLOYMENT_TARGET = 10.11;
				MTL_ENABLE_DEBUG_INFO = YES;
				ONLY_ACTIVE_ARCH = YES;
				SDKROOT = macosx;
				SWIFT_OPTIMIZATION_LEVEL = "-Onone";
			};
			name = Debug;
		};
		6FAB4BAD1B456AE8002FD37F /* Release */ = {
			isa = XCBuildConfiguration;
			buildSettings = {
				ALWAYS_SEARCH_USER_PATHS = NO;
				CLANG_CXX_LANGUAGE_STANDARD = "gnu++0x";
				CLANG_CXX_LIBRARY = "libc++";
				CLANG_ENABLE_MODULES = YES;
				CLANG_ENABLE_OBJC_ARC = YES;
				CLANG_WARN_BOOL_CONVERSION = YES;
				CLANG_WARN_CONSTANT_CONVERSION = YES;
				CLANG_WARN_DIRECT_OBJC_ISA_USAGE = YES_ERROR;
				CLANG_WARN_EMPTY_BODY = YES;
				CLANG_WARN_ENUM_CONVERSION = YES;
				CLANG_WARN_INT_CONVERSION = YES;
				CLANG_WARN_OBJC_ROOT_CLASS = YES_ERROR;
				CLANG_WARN_UNREACHABLE_CODE = YES;
				CLANG_WARN__DUPLICATE_METHOD_MATCH = YES;
				CODE_SIGN_IDENTITY = "-";
				COPY_PHASE_STRIP = NO;
				DEBUG_INFORMATION_FORMAT = "dwarf-with-dsym";
				ENABLE_NS_ASSERTIONS = NO;
				ENABLE_STRICT_OBJC_MSGSEND = YES;
				GCC_C_LANGUAGE_STANDARD = gnu99;
				GCC_NO_COMMON_BLOCKS = YES;
				GCC_WARN_64_TO_32_BIT_CONVERSION = YES;
				GCC_WARN_ABOUT_RETURN_TYPE = YES_ERROR;
				GCC_WARN_UNDECLARED_SELECTOR = YES;
				GCC_WARN_UNINITIALIZED_AUTOS = YES_AGGRESSIVE;
				GCC_WARN_UNUSED_FUNCTION = YES;
				GCC_WARN_UNUSED_VARIABLE = YES;
				MACOSX_DEPLOYMENT_TARGET = 10.11;
				MTL_ENABLE_DEBUG_INFO = NO;
				SDKROOT = macosx;
			};
			name = Release;
		};
		6FAB4BAF1B456AE8002FD37F /* Debug */ = {
			isa = XCBuildConfiguration;
			buildSettings = {
				COMBINE_HIDPI_IMAGES = YES;
				EMBEDDED_CONTENT_CONTAINS_SWIFT = YES;
				INFOPLIST_FILE = NotificationTesting/Info.plist;
				LD_RUNPATH_SEARCH_PATHS = "$(inherited) @executable_path/../Frameworks";
				PRODUCT_BUNDLE_IDENTIFIER = com.hamzasood.NotificationTesting;
				PRODUCT_NAME = "$(TARGET_NAME)";
				SWIFT_OBJC_BRIDGING_HEADER = NotificationTesting/PrivateHeader.h;
			};
			name = Debug;
		};
		6FAB4BB01B456AE8002FD37F /* Release */ = {
			isa = XCBuildConfiguration;
			buildSettings = {
				COMBINE_HIDPI_IMAGES = YES;
				EMBEDDED_CONTENT_CONTAINS_SWIFT = YES;
				INFOPLIST_FILE = NotificationTesting/Info.plist;
				LD_RUNPATH_SEARCH_PATHS = "$(inherited) @executable_path/../Frameworks";
				PRODUCT_BUNDLE_IDENTIFIER = com.hamzasood.NotificationTesting;
				PRODUCT_NAME = "$(TARGET_NAME)";
				SWIFT_OBJC_BRIDGING_HEADER = NotificationTesting/PrivateHeader.h;
			};
			name = Release;
		};
/* End XCBuildConfiguration section */

/* Begin XCConfigurationList section */
		6F9CFDD01B4570DC00AC8C11 /* Build configuration list for PBXNativeTarget "BannerInterface" */ = {
			isa = XCConfigurationList;
			buildConfigurations = (
				6F9CFDD11B4570DC00AC8C11 /* Debug */,
				6F9CFDD21B4570DC00AC8C11 /* Release */,
			);
			defaultConfigurationIsVisible = 0;
			defaultConfigurationName = Release;
		};
		6FAB4B9A1B456AE8002FD37F /* Build configuration list for PBXProject "NotificationTesting" */ = {
			isa = XCConfigurationList;
			buildConfigurations = (
				6FAB4BAC1B456AE8002FD37F /* Debug */,
				6FAB4BAD1B456AE8002FD37F /* Release */,
			);
			defaultConfigurationIsVisible = 0;
			defaultConfigurationName = Release;
		};
		6FAB4BAE1B456AE8002FD37F /* Build configuration list for PBXNativeTarget "NotificationTesting" */ = {
			isa = XCConfigurationList;
			buildConfigurations = (
				6FAB4BAF1B456AE8002FD37F /* Debug */,
				6FAB4BB01B456AE8002FD37F /* Release */,
			);
			defaultConfigurationIsVisible = 0;
			defaultConfigurationName = Release;
		};
/* End XCConfigurationList section */
	};
	rootObject = 6FAB4B971B456AE8002FD37F /* Project object */;
}
